
Microsoft Visual Studio Solution File, Format Version 12.00
# Visual Studio 14
VisualStudioVersion = 14.0.25420.1
MinimumVisualStudioVersion = 10.0.40219.1
Project("{FAE04EC0-301F-11D3-BF4B-00C04F79EFBC}") = "ARShoppes", "ARShoppes\ARShoppes.csproj", "{79BAB625-ABD8-4D31-93C5-113457AF57A4}"
EndProject
Global
	GlobalSection(SolutionConfigurationPlatforms) = preSolution
		Debug|Any CPU = Debug|Any CPU
		Release|Any CPU = Release|Any CPU
	EndGlobalSection
	GlobalSection(ProjectConfigurationPlatforms) = postSolution
		{79BAB625-ABD8-4D31-93C5-113457AF57A4}.Debug|Any CPU.ActiveCfg = Debug|Any CPU
		{79BAB625-ABD8-4D31-93C5-113457AF57A4}.Debug|Any CPU.Build.0 = Debug|Any CPU
		{79BAB625-ABD8-4D31-93C5-113457AF57A4}.Release|Any CPU.ActiveCfg = Release|Any CPU
		{79BAB625-ABD8-4D31-93C5-113457AF57A4}.Release|Any CPU.Build.0 = Release|Any CPU
	EndGlobalSection
	GlobalSection(SolutionProperties) = preSolution
		HideSolutionNode = FALSE
	EndGlobalSection
EndGlobal
